
Microsoft Visual Studio Solution File, Format Version 12.00
# Visual Studio Version 17
VisualStudioVersion = 17.6.33801.468
MinimumVisualStudioVersion = 10.0.40219.1
Project("{F184B08F-C81C-45F6-A57F-5ABD9991F28F}") = "Automation", "Automation\Automation.vbproj", "{7D3FB495-BC15-4679-8CC6-4B456532B151}"
EndProject
Global
	GlobalSection(SolutionConfigurationPlatforms) = preSolution
		Debug|Any CPU = Debug|Any CPU
		Release|Any CPU = Release|Any CPU
	EndGlobalSection
	GlobalSection(ProjectConfigurationPlatforms) = postSolution
		{7D3FB495-BC15-4679-8CC6-4B456532B151}.Debug|Any CPU.ActiveCfg = Debug|Any CPU
		{7D3FB495-BC15-4679-8CC6-4B456532B151}.Debug|Any CPU.Build.0 = Debug|Any CPU
		{7D3FB495-BC15-4679-8CC6-4B456532B151}.Release|Any CPU.ActiveCfg = Release|Any CPU
		{7D3FB495-BC15-4679-8CC6-4B456532B151}.Release|Any CPU.Build.0 = Release|Any CPU
	EndGlobalSection
	GlobalSection(SolutionProperties) = preSolution
		HideSolutionNode = FALSE
	EndGlobalSection
	GlobalSection(ExtensibilityGlobals) = postSolution
		SolutionGuid = {1DD91355-2F5A-4A8E-A039-3C846F3467D2}
	EndGlobalSection
EndGlobal
